// !$*UTF8*$!
{
	archiveVersion = 1;
	classes = {
	};
	objectVersion = 46;
	objects = {

/* Begin PBXBuildFile section */
		2DC6DED61EABB5DD003C24C7 /* Weather.swift in Sources */ = {isa = PBXBuildFile; fileRef = 2DC6DED51EABB5DD003C24C7 /* Weather.swift */; };
		2DD0B1701EAB797200B416B5 /* AppDelegate.swift in Sources */ = {isa = PBXBuildFile; fileRef = 2DD0B16F1EAB797200B416B5 /* AppDelegate.swift */; };
		2DD0B1771EAB797300B416B5 /* Assets.xcassets in Resources */ = {isa = PBXBuildFile; fileRef = 2DD0B1761EAB797300B416B5 /* Assets.xcassets */; };
		2DD0B17A1EAB797300B416B5 /* LaunchScreen.storyboard in Resources */ = {isa = PBXBuildFile; fileRef = 2DD0B1781EAB797300B416B5 /* LaunchScreen.storyboard */; };
		2DD0B1A61EAB7D0D00B416B5 /* WeatherListBuilder.swift in Sources */ = {isa = PBXBuildFile; fileRef = 2DD0B1A51EAB7D0D00B416B5 /* WeatherListBuilder.swift */; };
		2DD0B1A81EAB7E3000B416B5 /* WeatherListDefaultBuilder.swift in Sources */ = {isa = PBXBuildFile; fileRef = 2DD0B1A71EAB7E3000B416B5 /* WeatherListDefaultBuilder.swift */; };
		2DD0B1AA1EAB808D00B416B5 /* WeatherListRouter.swift in Sources */ = {isa = PBXBuildFile; fileRef = 2DD0B1A91EAB808D00B416B5 /* WeatherListRouter.swift */; };
		2DD0B1AC1EAB809900B416B5 /* WeatherListDefaultRouter.swift in Sources */ = {isa = PBXBuildFile; fileRef = 2DD0B1AB1EAB809900B416B5 /* WeatherListDefaultRouter.swift */; };
		2DD0B1B11EAB810800B416B5 /* WeatherListInteractorManager.swift in Sources */ = {isa = PBXBuildFile; fileRef = 2DD0B1B01EAB810800B416B5 /* WeatherListInteractorManager.swift */; };
		2DD0B1B31EAB811600B416B5 /* WeatherListDefaultInteractorManager.swift in Sources */ = {isa = PBXBuildFile; fileRef = 2DD0B1B21EAB811600B416B5 /* WeatherListDefaultInteractorManager.swift */; };
		2DD0B1B51EAB812A00B416B5 /* WeatherListPresenter.swift in Sources */ = {isa = PBXBuildFile; fileRef = 2DD0B1B41EAB812A00B416B5 /* WeatherListPresenter.swift */; };
		2DD0B1B71EAB813600B416B5 /* WeatherListDefaultPresenter.swift in Sources */ = {isa = PBXBuildFile; fileRef = 2DD0B1B61EAB813600B416B5 /* WeatherListDefaultPresenter.swift */; };
		2DD0B1B91EAB814E00B416B5 /* WeatherListView.swift in Sources */ = {isa = PBXBuildFile; fileRef = 2DD0B1B81EAB814E00B416B5 /* WeatherListView.swift */; };
		2DD0B1BC1EAB817F00B416B5 /* WeatherListDefaultViewController.swift in Sources */ = {isa = PBXBuildFile; fileRef = 2DD0B1BA1EAB817F00B416B5 /* WeatherListDefaultViewController.swift */; };
		2DD0B1BD1EAB817F00B416B5 /* WeatherListDefaultViewController.xib in Resources */ = {isa = PBXBuildFile; fileRef = 2DD0B1BB1EAB817F00B416B5 /* WeatherListDefaultViewController.xib */; };
		2DD0B1BF1EAB81AC00B416B5 /* Container.swift in Sources */ = {isa = PBXBuildFile; fileRef = 2DD0B1BE1EAB81AC00B416B5 /* Container.swift */; };
/* End PBXBuildFile section */

/* Begin PBXFileReference section */
		2DC6DED51EABB5DD003C24C7 /* Weather.swift */ = {isa = PBXFileReference; fileEncoding = 4; lastKnownFileType = sourcecode.swift; path = Weather.swift; sourceTree = "<group>"; };
		2DD0B16C1EAB797200B416B5 /* (B)ViperWeatherTest.app */ = {isa = PBXFileReference; explicitFileType = wrapper.application; includeInIndex = 0; path = "(B)ViperWeatherTest.app"; sourceTree = BUILT_PRODUCTS_DIR; };
		2DD0B16F1EAB797200B416B5 /* AppDelegate.swift */ = {isa = PBXFileReference; lastKnownFileType = sourcecode.swift; path = AppDelegate.swift; sourceTree = "<group>"; };
		2DD0B1761EAB797300B416B5 /* Assets.xcassets */ = {isa = PBXFileReference; lastKnownFileType = folder.assetcatalog; path = Assets.xcassets; sourceTree = "<group>"; };
		2DD0B1791EAB797300B416B5 /* Base */ = {isa = PBXFileReference; lastKnownFileType = file.storyboard; name = Base; path = Base.lproj/LaunchScreen.storyboard; sourceTree = "<group>"; };
		2DD0B17B1EAB797300B416B5 /* Info.plist */ = {isa = PBXFileReference; lastKnownFileType = text.plist.xml; path = Info.plist; sourceTree = "<group>"; };
		2DD0B1A51EAB7D0D00B416B5 /* WeatherListBuilder.swift */ = {isa = PBXFileReference; fileEncoding = 4; lastKnownFileType = sourcecode.swift; path = WeatherListBuilder.swift; sourceTree = "<group>"; };
		2DD0B1A71EAB7E3000B416B5 /* WeatherListDefaultBuilder.swift */ = {isa = PBXFileReference; fileEncoding = 4; lastKnownFileType = sourcecode.swift; path = WeatherListDefaultBuilder.swift; sourceTree = "<group>"; };
		2DD0B1A91EAB808D00B416B5 /* WeatherListRouter.swift */ = {isa = PBXFileReference; fileEncoding = 4; lastKnownFileType = sourcecode.swift; path = WeatherListRouter.swift; sourceTree = "<group>"; };
		2DD0B1AB1EAB809900B416B5 /* WeatherListDefaultRouter.swift */ = {isa = PBXFileReference; fileEncoding = 4; lastKnownFileType = sourcecode.swift; path = WeatherListDefaultRouter.swift; sourceTree = "<group>"; };
		2DD0B1B01EAB810800B416B5 /* WeatherListInteractorManager.swift */ = {isa = PBXFileReference; fileEncoding = 4; lastKnownFileType = sourcecode.swift; path = WeatherListInteractorManager.swift; sourceTree = "<group>"; };
		2DD0B1B21EAB811600B416B5 /* WeatherListDefaultInteractorManager.swift */ = {isa = PBXFileReference; fileEncoding = 4; lastKnownFileType = sourcecode.swift; path = WeatherListDefaultInteractorManager.swift; sourceTree = "<group>"; };
		2DD0B1B41EAB812A00B416B5 /* WeatherListPresenter.swift */ = {isa = PBXFileReference; fileEncoding = 4; lastKnownFileType = sourcecode.swift; path = WeatherListPresenter.swift; sourceTree = "<group>"; };
		2DD0B1B61EAB813600B416B5 /* WeatherListDefaultPresenter.swift */ = {isa = PBXFileReference; fileEncoding = 4; lastKnownFileType = sourcecode.swift; path = WeatherListDefaultPresenter.swift; sourceTree = "<group>"; };
		2DD0B1B81EAB814E00B416B5 /* WeatherListView.swift */ = {isa = PBXFileReference; fileEncoding = 4; lastKnownFileType = sourcecode.swift; path = WeatherListView.swift; sourceTree = "<group>"; };
		2DD0B1BA1EAB817F00B416B5 /* WeatherListDefaultViewController.swift */ = {isa = PBXFileReference; fileEncoding = 4; lastKnownFileType = sourcecode.swift; path = WeatherListDefaultViewController.swift; sourceTree = "<group>"; };
		2DD0B1BB1EAB817F00B416B5 /* WeatherListDefaultViewController.xib */ = {isa = PBXFileReference; fileEncoding = 4; lastKnownFileType = file.xib; path = WeatherListDefaultViewController.xib; sourceTree = "<group>"; };
		2DD0B1BE1EAB81AC00B416B5 /* Container.swift */ = {isa = PBXFileReference; fileEncoding = 4; lastKnownFileType = sourcecode.swift; path = Container.swift; sourceTree = "<group>"; };
/* End PBXFileReference section */

/* Begin PBXFrameworksBuildPhase section */
		2DD0B1691EAB797200B416B5 /* Frameworks */ = {
			isa = PBXFrameworksBuildPhase;
			buildActionMask = 2147483647;
			files = (
			);
			runOnlyForDeploymentPostprocessing = 0;
		};
/* End PBXFrameworksBuildPhase section */

/* Begin PBXGroup section */
		2DC6DED41EABB5C6003C24C7 /* Model */ = {
			isa = PBXGroup;
			children = (
				2DC6DED51EABB5DD003C24C7 /* Weather.swift */,
			);
			name = Model;
			sourceTree = "<group>";
		};
		2DD0B1631EAB797200B416B5 = {
			isa = PBXGroup;
			children = (
				2DD0B16E1EAB797200B416B5 /* (B)ViperWeatherTest */,
				2DD0B16D1EAB797200B416B5 /* Products */,
			);
			sourceTree = "<group>";
		};
		2DD0B16D1EAB797200B416B5 /* Products */ = {
			isa = PBXGroup;
			children = (
				2DD0B16C1EAB797200B416B5 /* (B)ViperWeatherTest.app */,
			);
			name = Products;
			sourceTree = "<group>";
		};
		2DD0B16E1EAB797200B416B5 /* (B)ViperWeatherTest */ = {
			isa = PBXGroup;
			children = (
				2DD0B16F1EAB797200B416B5 /* AppDelegate.swift */,
				2DD0B1BE1EAB81AC00B416B5 /* Container.swift */,
				2DD0B19E1EAB7B1800B416B5 /* UI */,
				2DD0B1761EAB797300B416B5 /* Assets.xcassets */,
				2DD0B17B1EAB797300B416B5 /* Info.plist */,
			);
			path = "(B)ViperWeatherTest";
			sourceTree = "<group>";
		};
		2DD0B19E1EAB7B1800B416B5 /* UI */ = {
			isa = PBXGroup;
			children = (
				2DD0B19F1EAB7B1E00B416B5 /* Modules */,
			);
			name = UI;
			sourceTree = "<group>";
		};
		2DD0B19F1EAB7B1E00B416B5 /* Modules */ = {
			isa = PBXGroup;
			children = (
				2DD0B1A01EAB7B2B00B416B5 /* WeatherList */,
				2DD0B1A11EAB7B3500B416B5 /* WeatherDetail */,
			);
			name = Modules;
			sourceTree = "<group>";
		};
		2DD0B1A01EAB7B2B00B416B5 /* WeatherList */ = {
			isa = PBXGroup;
			children = (
				2DC6DED41EABB5C6003C24C7 /* Model */,
				2DD0B1A41EAB7CBD00B416B5 /* Router */,
				2DD0B1A31EAB7C4200B416B5 /* Core */,
				2DD0B1A21EAB7C3900B416B5 /* Builder */,
			);
			name = WeatherList;
			sourceTree = "<group>";
		};
		2DD0B1A11EAB7B3500B416B5 /* WeatherDetail */ = {
			isa = PBXGroup;
			children = (
			);
			name = WeatherDetail;
			sourceTree = "<group>";
		};
		2DD0B1A21EAB7C3900B416B5 /* Builder */ = {
			isa = PBXGroup;
			children = (
				2DD0B1A51EAB7D0D00B416B5 /* WeatherListBuilder.swift */,
				2DD0B1A71EAB7E3000B416B5 /* WeatherListDefaultBuilder.swift */,
			);
			name = Builder;
			sourceTree = "<group>";
		};
		2DD0B1A31EAB7C4200B416B5 /* Core */ = {
			isa = PBXGroup;
			children = (
				2DD0B1AD1EAB80AE00B416B5 /* InteractorManager */,
				2DD0B1AE1EAB80B600B416B5 /* Presenter */,
				2DD0B1AF1EAB80BC00B416B5 /* View */,
			);
			name = Core;
			sourceTree = "<group>";
		};
		2DD0B1A41EAB7CBD00B416B5 /* Router */ = {
			isa = PBXGroup;
			children = (
				2DD0B1A91EAB808D00B416B5 /* WeatherListRouter.swift */,
				2DD0B1AB1EAB809900B416B5 /* WeatherListDefaultRouter.swift */,
			);
			name = Router;
			sourceTree = "<group>";
		};
		2DD0B1AD1EAB80AE00B416B5 /* InteractorManager */ = {
			isa = PBXGroup;
			children = (
				2DD0B1B01EAB810800B416B5 /* WeatherListInteractorManager.swift */,
				2DD0B1B21EAB811600B416B5 /* WeatherListDefaultInteractorManager.swift */,
			);
			name = InteractorManager;
			sourceTree = "<group>";
		};
		2DD0B1AE1EAB80B600B416B5 /* Presenter */ = {
			isa = PBXGroup;
			children = (
				2DD0B1B41EAB812A00B416B5 /* WeatherListPresenter.swift */,
				2DD0B1B61EAB813600B416B5 /* WeatherListDefaultPresenter.swift */,
			);
			name = Presenter;
			sourceTree = "<group>";
		};
		2DD0B1AF1EAB80BC00B416B5 /* View */ = {
			isa = PBXGroup;
			children = (
				2DD0B1781EAB797300B416B5 /* LaunchScreen.storyboard */,
				2DD0B1B81EAB814E00B416B5 /* WeatherListView.swift */,
				2DD0B1BA1EAB817F00B416B5 /* WeatherListDefaultViewController.swift */,
				2DD0B1BB1EAB817F00B416B5 /* WeatherListDefaultViewController.xib */,
			);
			name = View;
			sourceTree = "<group>";
		};
/* End PBXGroup section */

/* Begin PBXNativeTarget section */
		2DD0B16B1EAB797200B416B5 /* (B)ViperWeatherTest */ = {
			isa = PBXNativeTarget;
			buildConfigurationList = 2DD0B17E1EAB797300B416B5 /* Build configuration list for PBXNativeTarget "(B)ViperWeatherTest" */;
			buildPhases = (
				2DD0B1681EAB797200B416B5 /* Sources */,
				2DD0B1691EAB797200B416B5 /* Frameworks */,
				2DD0B16A1EAB797200B416B5 /* Resources */,
			);
			buildRules = (
			);
			dependencies = (
			);
			name = "(B)ViperWeatherTest";
			productName = "(B)ViperWeatherTest";
			productReference = 2DD0B16C1EAB797200B416B5 /* (B)ViperWeatherTest.app */;
			productType = "com.apple.product-type.application";
		};
/* End PBXNativeTarget section */

/* Begin PBXProject section */
		2DD0B1641EAB797200B416B5 /* Project object */ = {
			isa = PBXProject;
			attributes = {
				LastSwiftUpdateCheck = 0820;
				LastUpgradeCheck = 0820;
				ORGANIZATIONNAME = "Michel Goñi";
				TargetAttributes = {
					2DD0B16B1EAB797200B416B5 = {
						CreatedOnToolsVersion = 8.2.1;
						DevelopmentTeam = XE7T8479F3;
						ProvisioningStyle = Automatic;
					};
				};
			};
			buildConfigurationList = 2DD0B1671EAB797200B416B5 /* Build configuration list for PBXProject "(B)ViperWeatherTest" */;
			compatibilityVersion = "Xcode 3.2";
			developmentRegion = English;
			hasScannedForEncodings = 0;
			knownRegions = (
				en,
				Base,
			);
			mainGroup = 2DD0B1631EAB797200B416B5;
			productRefGroup = 2DD0B16D1EAB797200B416B5 /* Products */;
			projectDirPath = "";
			projectRoot = "";
			targets = (
				2DD0B16B1EAB797200B416B5 /* (B)ViperWeatherTest */,
			);
		};
/* End PBXProject section */

/* Begin PBXResourcesBuildPhase section */
		2DD0B16A1EAB797200B416B5 /* Resources */ = {
			isa = PBXResourcesBuildPhase;
			buildActionMask = 2147483647;
			files = (
				2DD0B1BD1EAB817F00B416B5 /* WeatherListDefaultViewController.xib in Resources */,
				2DD0B17A1EAB797300B416B5 /* LaunchScreen.storyboard in Resources */,
				2DD0B1771EAB797300B416B5 /* Assets.xcassets in Resources */,
			);
			runOnlyForDeploymentPostprocessing = 0;
		};
/* End PBXResourcesBuildPhase section */

/* Begin PBXSourcesBuildPhase section */
		2DD0B1681EAB797200B416B5 /* Sources */ = {
			isa = PBXSourcesBuildPhase;
			buildActionMask = 2147483647;
			files = (
				2DD0B1AA1EAB808D00B416B5 /* WeatherListRouter.swift in Sources */,
				2DD0B1BF1EAB81AC00B416B5 /* Container.swift in Sources */,
				2DD0B1B51EAB812A00B416B5 /* WeatherListPresenter.swift in Sources */,
				2DD0B1AC1EAB809900B416B5 /* WeatherListDefaultRouter.swift in Sources */,
				2DD0B1B91EAB814E00B416B5 /* WeatherListView.swift in Sources */,
				2DD0B1BC1EAB817F00B416B5 /* WeatherListDefaultViewController.swift in Sources */,
				2DD0B1A61EAB7D0D00B416B5 /* WeatherListBuilder.swift in Sources */,
				2DD0B1B71EAB813600B416B5 /* WeatherListDefaultPresenter.swift in Sources */,
				2DC6DED61EABB5DD003C24C7 /* Weather.swift in Sources */,
				2DD0B1B11EAB810800B416B5 /* WeatherListInteractorManager.swift in Sources */,
				2DD0B1A81EAB7E3000B416B5 /* WeatherListDefaultBuilder.swift in Sources */,
				2DD0B1B31EAB811600B416B5 /* WeatherListDefaultInteractorManager.swift in Sources */,
				2DD0B1701EAB797200B416B5 /* AppDelegate.swift in Sources */,
			);
			runOnlyForDeploymentPostprocessing = 0;
		};
/* End PBXSourcesBuildPhase section */

/* Begin PBXVariantGroup section */
		2DD0B1781EAB797300B416B5 /* LaunchScreen.storyboard */ = {
			isa = PBXVariantGroup;
			children = (
				2DD0B1791EAB797300B416B5 /* Base */,
			);
			name = LaunchScreen.storyboard;
			sourceTree = "<group>";
		};
/* End PBXVariantGroup section */

/* Begin XCBuildConfiguration section */
		2DD0B17C1EAB797300B416B5 /* Debug */ = {
			isa = XCBuildConfiguration;
			buildSettings = {
				ALWAYS_SEARCH_USER_PATHS = NO;
				CLANG_ANALYZER_NONNULL = YES;
				CLANG_CXX_LANGUAGE_STANDARD = "gnu++0x";
				CLANG_CXX_LIBRARY = "libc++";
				CLANG_ENABLE_MODULES = YES;
				CLANG_ENABLE_OBJC_ARC = YES;
				CLANG_WARN_BOOL_CONVERSION = YES;
				CLANG_WARN_CONSTANT_CONVERSION = YES;
				CLANG_WARN_DIRECT_OBJC_ISA_USAGE = YES_ERROR;
				CLANG_WARN_DOCUMENTATION_COMMENTS = YES;
				CLANG_WARN_EMPTY_BODY = YES;
				CLANG_WARN_ENUM_CONVERSION = YES;
				CLANG_WARN_INFINITE_RECURSION = YES;
				CLANG_WARN_INT_CONVERSION = YES;
				CLANG_WARN_OBJC_ROOT_CLASS = YES_ERROR;
				CLANG_WARN_SUSPICIOUS_MOVE = YES;
				CLANG_WARN_UNREACHABLE_CODE = YES;
				CLANG_WARN__DUPLICATE_METHOD_MATCH = YES;
				"CODE_SIGN_IDENTITY[sdk=iphoneos*]" = "iPhone Developer";
				COPY_PHASE_STRIP = NO;
				DEBUG_INFORMATION_FORMAT = dwarf;
				ENABLE_STRICT_OBJC_MSGSEND = YES;
				ENABLE_TESTABILITY = YES;
				GCC_C_LANGUAGE_STANDARD = gnu99;
				GCC_DYNAMIC_NO_PIC = NO;
				GCC_NO_COMMON_BLOCKS = YES;
				GCC_OPTIMIZATION_LEVEL = 0;
				GCC_PREPROCESSOR_DEFINITIONS = (
					"DEBUG=1",
					"$(inherited)",
				);
				GCC_WARN_64_TO_32_BIT_CONVERSION = YES;
				GCC_WARN_ABOUT_RETURN_TYPE = YES_ERROR;
				GCC_WARN_UNDECLARED_SELECTOR = YES;
				GCC_WARN_UNINITIALIZED_AUTOS = YES_AGGRESSIVE;
				GCC_WARN_UNUSED_FUNCTION = YES;
				GCC_WARN_UNUSED_VARIABLE = YES;
				IPHONEOS_DEPLOYMENT_TARGET = 10.2;
				MTL_ENABLE_DEBUG_INFO = YES;
				ONLY_ACTIVE_ARCH = YES;
				SDKROOT = iphoneos;
				SWIFT_ACTIVE_COMPILATION_CONDITIONS = DEBUG;
				SWIFT_OPTIMIZATION_LEVEL = "-Onone";
			};
			name = Debug;
		};
		2DD0B17D1EAB797300B416B5 /* Release */ = {
			isa = XCBuildConfiguration;
			buildSettings = {
				ALWAYS_SEARCH_USER_PATHS = NO;
				CLANG_ANALYZER_NONNULL = YES;
				CLANG_CXX_LANGUAGE_STANDARD = "gnu++0x";
				CLANG_CXX_LIBRARY = "libc++";
				CLANG_ENABLE_MODULES = YES;
				CLANG_ENABLE_OBJC_ARC = YES;
				CLANG_WARN_BOOL_CONVERSION = YES;
				CLANG_WARN_CONSTANT_CONVERSION = YES;
				CLANG_WARN_DIRECT_OBJC_ISA_USAGE = YES_ERROR;
				CLANG_WARN_DOCUMENTATION_COMMENTS = YES;
				CLANG_WARN_EMPTY_BODY = YES;
				CLANG_WARN_ENUM_CONVERSION = YES;
				CLANG_WARN_INFINITE_RECURSION = YES;
				CLANG_WARN_INT_CONVERSION = YES;
				CLANG_WARN_OBJC_ROOT_CLASS = YES_ERROR;
				CLANG_WARN_SUSPICIOUS_MOVE = YES;
				CLANG_WARN_UNREACHABLE_CODE = YES;
				CLANG_WARN__DUPLICATE_METHOD_MATCH = YES;
				"CODE_SIGN_IDENTITY[sdk=iphoneos*]" = "iPhone Developer";
				COPY_PHASE_STRIP = NO;
				DEBUG_INFORMATION_FORMAT = "dwarf-with-dsym";
				ENABLE_NS_ASSERTIONS = NO;
				ENABLE_STRICT_OBJC_MSGSEND = YES;
				GCC_C_LANGUAGE_STANDARD = gnu99;
				GCC_NO_COMMON_BLOCKS = YES;
				GCC_WARN_64_TO_32_BIT_CONVERSION = YES;
				GCC_WARN_ABOUT_RETURN_TYPE = YES_ERROR;
				GCC_WARN_UNDECLARED_SELECTOR = YES;
				GCC_WARN_UNINITIALIZED_AUTOS = YES_AGGRESSIVE;
				GCC_WARN_UNUSED_FUNCTION = YES;
				GCC_WARN_UNUSED_VARIABLE = YES;
				IPHONEOS_DEPLOYMENT_TARGET = 10.2;
				MTL_ENABLE_DEBUG_INFO = NO;
				SDKROOT = iphoneos;
				SWIFT_OPTIMIZATION_LEVEL = "-Owholemodule";
				VALIDATE_PRODUCT = YES;
			};
			name = Release;
		};
		2DD0B17F1EAB797300B416B5 /* Debug */ = {
			isa = XCBuildConfiguration;
			buildSettings = {
				ASSETCATALOG_COMPILER_APPICON_NAME = AppIcon;
				DEVELOPMENT_TEAM = XE7T8479F3;
				INFOPLIST_FILE = "(B)ViperWeatherTest/Info.plist";
				LD_RUNPATH_SEARCH_PATHS = "$(inherited) @executable_path/Frameworks";
				PRODUCT_BUNDLE_IDENTIFIER = "mgi.-B-ViperWeatherTest";
				PRODUCT_NAME = "$(TARGET_NAME)";
				SWIFT_VERSION = 3.0;
			};
			name = Debug;
		};
		2DD0B1801EAB797300B416B5 /* Release */ = {
			isa = XCBuildConfiguration;
			buildSettings = {
				ASSETCATALOG_COMPILER_APPICON_NAME = AppIcon;
				DEVELOPMENT_TEAM = XE7T8479F3;
				INFOPLIST_FILE = "(B)ViperWeatherTest/Info.plist";
				LD_RUNPATH_SEARCH_PATHS = "$(inherited) @executable_path/Frameworks";
				PRODUCT_BUNDLE_IDENTIFIER = "mgi.-B-ViperWeatherTest";
				PRODUCT_NAME = "$(TARGET_NAME)";
				SWIFT_VERSION = 3.0;
			};
			name = Release;
		};
/* End XCBuildConfiguration section */

/* Begin XCConfigurationList section */
		2DD0B1671EAB797200B416B5 /* Build configuration list for PBXProject "(B)ViperWeatherTest" */ = {
			isa = XCConfigurationList;
			buildConfigurations = (
				2DD0B17C1EAB797300B416B5 /* Debug */,
				2DD0B17D1EAB797300B416B5 /* Release */,
			);
			defaultConfigurationIsVisible = 0;
			defaultConfigurationName = Release;
		};
		2DD0B17E1EAB797300B416B5 /* Build configuration list for PBXNativeTarget "(B)ViperWeatherTest" */ = {
			isa = XCConfigurationList;
			buildConfigurations = (
				2DD0B17F1EAB797300B416B5 /* Debug */,
				2DD0B1801EAB797300B416B5 /* Release */,
			);
			defaultConfigurationIsVisible = 0;
			defaultConfigurationName = Release;
		};
/* End XCConfigurationList section */
	};
	rootObject = 2DD0B1641EAB797200B416B5 /* Project object */;
}
